
Microsoft Visual Studio Solution File, Format Version 12.00
# Visual Studio Version 16
VisualStudioVersion = 16.0.31729.503
MinimumVisualStudioVersion = 10.0.40219.1
Project("{FAE04EC0-301F-11D3-BF4B-00C04F79EFBC}") = "PlanEnseignement", "PlanEnseignement.csproj", "{6BE980C8-6D96-4545-A7F9-0FB31815BACD}"
EndProject
Global
	GlobalSection(SolutionConfigurationPlatforms) = preSolution
		Debug|Any CPU = Debug|Any CPU
		Release|Any CPU = Release|Any CPU
	EndGlobalSection
	GlobalSection(ProjectConfigurationPlatforms) = postSolution
		{6BE980C8-6D96-4545-A7F9-0FB31815BACD}.Debug|Any CPU.ActiveCfg = Debug|Any CPU
		{6BE980C8-6D96-4545-A7F9-0FB31815BACD}.Debug|Any CPU.Build.0 = Debug|Any CPU
		{6BE980C8-6D96-4545-A7F9-0FB31815BACD}.Release|Any CPU.ActiveCfg = Release|Any CPU
		{6BE980C8-6D96-4545-A7F9-0FB31815BACD}.Release|Any CPU.Build.0 = Release|Any CPU
	EndGlobalSection
	GlobalSection(SolutionProperties) = preSolution
		HideSolutionNode = FALSE
	EndGlobalSection
	GlobalSection(ExtensibilityGlobals) = postSolution
		SolutionGuid = {FFDAEA11-1478-44EB-A3DD-7F34FEA927D4}
	EndGlobalSection
EndGlobal
